<?xml version="1.0" encoding="UTF-8" standalone="yes" ?>
<CodeBlocks_project_file>
	<FileVersion major="1" minor="6" />
	<Project>
		<Option title="structuresMonop" />
		<Option pch_mode="2" />
		<Option compiler="gcc" />
		<Build>
			<Target title="Debug">
				<Option output="bin/Debug/structuresMonop" prefix_auto="1" extension_auto="1" />
				<Option object_output="obj/Debug/" />
				<Option type="1" />
				<Option compiler="gcc" />
				<Compiler>
					<Add option="-g" />
				</Compiler>
			</Target>
			<Target title="Release">
				<Option output="bin/Release/structuresMonop" prefix_auto="1" extension_auto="1" />
				<Option object_output="obj/Release/" />
				<Option type="1" />
				<Option compiler="gcc" />
				<Compiler>
					<Add option="-O2" />
				</Compiler>
				<Linker>
					<Add option="-s" />
				</Linker>
			</Target>
		</Build>
		<Compiler>
			<Add option="-Wall" />
		</Compiler>
		<Unit filename="SaisieAvatarPlateau.c">
			<Option compilerVar="CC" />
		</Unit>
		<Unit filename="affichageRegles+affichageEquipe.c">
			<Option compilerVar="CC" />
		</Unit>
		<Unit filename="aller en prison.c">
			<Option compilerVar="CC" />
		</Unit>
		<Unit filename="blindages.c">
			<Option compilerVar="CC" />
		</Unit>
		<Unit filename="couleur.c">
			<Option compilerVar="CC" />
		</Unit>
		<Unit filename="des.c">
			<Option compilerVar="CC" />
		</Unit>
		<Unit filename="detailUneCase.c">
			<Option compilerVar="CC" />
		</Unit>
		<Unit filename="effacerConsole.c">
			<Option compilerVar="CC" />
		</Unit>
		<Unit filename="gotoligcol.c">
			<Option compilerVar="CC" />
		</Unit>
		<Unit filename="headStruct.h" />
		<Unit filename="main.c">
			<Option compilerVar="CC" />
		</Unit>
		<Unit filename="menuPrincipal.c">
			<Option compilerVar="CC" />
		</Unit>
		<Unit filename="pageAccueil.c">
			<Option compilerVar="CC" />
		</Unit>
		<Unit filename="plateau1.c">
			<Option compilerVar="CC" />
		</Unit>
		<Unit filename="remplirCartes.c">
			<Option compilerVar="CC" />
		</Unit>
		<Unit filename="remplissageDebut.c">
			<Option compilerVar="CC" />
		</Unit>
		<Unit filename="retourAuJeu.c">
			<Option compilerVar="CC" />
		</Unit>
		<Unit filename="sauveg.c">
			<Option compilerVar="CC" />
		</Unit>
		<Unit filename="selectionnerUneCase.c">
			<Option compilerVar="CC" />
		</Unit>
		<Extensions>
			<lib_finder disable_auto="1" />
		</Extensions>
	</Project>
</CodeBlocks_project_file>
